
Microsoft Visual Studio Solution File, Format Version 12.00
# Visual Studio 2013
VisualStudioVersion = 12.0.21005.1
MinimumVisualStudioVersion = 10.0.40219.1
Project("{FAE04EC0-301F-11D3-BF4B-00C04F79EFBC}") = "Client", "Client\Client.csproj", "{0DC90100-F4EF-4C25-AED1-244ECA9243F3}"
EndProject
Project("{FAE04EC0-301F-11D3-BF4B-00C04F79EFBC}") = "Contracts", "Contracts\Contracts.csproj", "{6B1ABB4F-7EE4-47A3-A7AF-25DEA34A090D}"
EndProject
Project("{FAE04EC0-301F-11D3-BF4B-00C04F79EFBC}") = "Services", "Services\Services.csproj", "{02572EF5-1B21-4CEB-98F9-A0E0BC05C1CA}"
EndProject
Project("{FAE04EC0-301F-11D3-BF4B-00C04F79EFBC}") = "Hosting", "Hosting\Hosting.csproj", "{4A2E9366-5191-455E-8B8A-045CF3C3719D}"
EndProject
Global
	GlobalSection(SolutionConfigurationPlatforms) = preSolution
		Debug|Any CPU = Debug|Any CPU
		Release|Any CPU = Release|Any CPU
	EndGlobalSection
	GlobalSection(ProjectConfigurationPlatforms) = postSolution
		{0DC90100-F4EF-4C25-AED1-244ECA9243F3}.Debug|Any CPU.ActiveCfg = Debug|Any CPU
		{0DC90100-F4EF-4C25-AED1-244ECA9243F3}.Debug|Any CPU.Build.0 = Debug|Any CPU
		{0DC90100-F4EF-4C25-AED1-244ECA9243F3}.Release|Any CPU.ActiveCfg = Release|Any CPU
		{0DC90100-F4EF-4C25-AED1-244ECA9243F3}.Release|Any CPU.Build.0 = Release|Any CPU
		{6B1ABB4F-7EE4-47A3-A7AF-25DEA34A090D}.Debug|Any CPU.ActiveCfg = Debug|Any CPU
		{6B1ABB4F-7EE4-47A3-A7AF-25DEA34A090D}.Debug|Any CPU.Build.0 = Debug|Any CPU
		{6B1ABB4F-7EE4-47A3-A7AF-25DEA34A090D}.Release|Any CPU.ActiveCfg = Release|Any CPU
		{6B1ABB4F-7EE4-47A3-A7AF-25DEA34A090D}.Release|Any CPU.Build.0 = Release|Any CPU
		{02572EF5-1B21-4CEB-98F9-A0E0BC05C1CA}.Debug|Any CPU.ActiveCfg = Debug|Any CPU
		{02572EF5-1B21-4CEB-98F9-A0E0BC05C1CA}.Debug|Any CPU.Build.0 = Debug|Any CPU
		{02572EF5-1B21-4CEB-98F9-A0E0BC05C1CA}.Release|Any CPU.ActiveCfg = Release|Any CPU
		{02572EF5-1B21-4CEB-98F9-A0E0BC05C1CA}.Release|Any CPU.Build.0 = Release|Any CPU
		{4A2E9366-5191-455E-8B8A-045CF3C3719D}.Debug|Any CPU.ActiveCfg = Debug|Any CPU
		{4A2E9366-5191-455E-8B8A-045CF3C3719D}.Debug|Any CPU.Build.0 = Debug|Any CPU
		{4A2E9366-5191-455E-8B8A-045CF3C3719D}.Release|Any CPU.ActiveCfg = Release|Any CPU
		{4A2E9366-5191-455E-8B8A-045CF3C3719D}.Release|Any CPU.Build.0 = Release|Any CPU
	EndGlobalSection
	GlobalSection(SolutionProperties) = preSolution
		HideSolutionNode = FALSE
	EndGlobalSection
EndGlobal
